
Microsoft Visual Studio Solution File, Format Version 12.00
# Visual Studio Version 16
VisualStudioVersion = 16.0.31005.135
MinimumVisualStudioVersion = 10.0.40219.1
Project("{2150E333-8FDC-42A3-9474-1A3956D46DE8}") = "1", "1", "{6C5EE687-E9F0-48A5-A8C7-3E18907C25DB}"
EndProject
Project("{2150E333-8FDC-42A3-9474-1A3956D46DE8}") = "2", "2", "{769D22D2-2D81-4F39-B49E-871C0D32410A}"
EndProject
Project("{2150E333-8FDC-42A3-9474-1A3956D46DE8}") = "3", "3", "{0A8DC315-31C0-496D-9A9A-86AB1CF30231}"
EndProject
Project("{9A19103F-16F7-4668-BE54-9A1E7A4F7556}") = "ProdapWeb", "ProdapWeb\ProdapWeb.csproj", "{20AC9F33-A6DC-49AF-A80E-CA368AA34EFE}"
EndProject
Project("{FAE04EC0-301F-11D3-BF4B-00C04F79EFBC}") = "Service", "Services\Service.csproj", "{E72A1B23-E198-4885-8E9B-C7A37FF51971}"
EndProject
Project("{FAE04EC0-301F-11D3-BF4B-00C04F79EFBC}") = "Repository", "Repository\Repository.csproj", "{4985D288-998C-4643-A18A-AB38E53470C2}"
EndProject
Project("{2150E333-8FDC-42A3-9474-1A3956D46DE8}") = "4", "4", "{74287514-3E43-406B-9497-C62A108DEEAA}"
EndProject
Project("{2150E333-8FDC-42A3-9474-1A3956D46DE8}") = "5", "5", "{416077AA-E653-4AC2-A759-9FD2C19CE9F4}"
EndProject
Project("{FAE04EC0-301F-11D3-BF4B-00C04F79EFBC}") = "ProdapTest", "ProdapTest\ProdapTest.csproj", "{01913B2D-417B-434E-8C0E-9D81DCF44A5C}"
EndProject
Project("{FAE04EC0-301F-11D3-BF4B-00C04F79EFBC}") = "Model", "Model\Model.csproj", "{3593189B-D6F6-4CFC-A64F-05118BCFE7D9}"
EndProject
Global
	GlobalSection(SolutionConfigurationPlatforms) = preSolution
		Debug|Any CPU = Debug|Any CPU
		Release|Any CPU = Release|Any CPU
	EndGlobalSection
	GlobalSection(ProjectConfigurationPlatforms) = postSolution
		{20AC9F33-A6DC-49AF-A80E-CA368AA34EFE}.Debug|Any CPU.ActiveCfg = Debug|Any CPU
		{20AC9F33-A6DC-49AF-A80E-CA368AA34EFE}.Debug|Any CPU.Build.0 = Debug|Any CPU
		{20AC9F33-A6DC-49AF-A80E-CA368AA34EFE}.Release|Any CPU.ActiveCfg = Release|Any CPU
		{20AC9F33-A6DC-49AF-A80E-CA368AA34EFE}.Release|Any CPU.Build.0 = Release|Any CPU
		{E72A1B23-E198-4885-8E9B-C7A37FF51971}.Debug|Any CPU.ActiveCfg = Debug|Any CPU
		{E72A1B23-E198-4885-8E9B-C7A37FF51971}.Debug|Any CPU.Build.0 = Debug|Any CPU
		{E72A1B23-E198-4885-8E9B-C7A37FF51971}.Release|Any CPU.ActiveCfg = Release|Any CPU
		{E72A1B23-E198-4885-8E9B-C7A37FF51971}.Release|Any CPU.Build.0 = Release|Any CPU
		{4985D288-998C-4643-A18A-AB38E53470C2}.Debug|Any CPU.ActiveCfg = Debug|Any CPU
		{4985D288-998C-4643-A18A-AB38E53470C2}.Debug|Any CPU.Build.0 = Debug|Any CPU
		{4985D288-998C-4643-A18A-AB38E53470C2}.Release|Any CPU.ActiveCfg = Release|Any CPU
		{4985D288-998C-4643-A18A-AB38E53470C2}.Release|Any CPU.Build.0 = Release|Any CPU
		{01913B2D-417B-434E-8C0E-9D81DCF44A5C}.Debug|Any CPU.ActiveCfg = Debug|Any CPU
		{01913B2D-417B-434E-8C0E-9D81DCF44A5C}.Debug|Any CPU.Build.0 = Debug|Any CPU
		{01913B2D-417B-434E-8C0E-9D81DCF44A5C}.Release|Any CPU.ActiveCfg = Release|Any CPU
		{01913B2D-417B-434E-8C0E-9D81DCF44A5C}.Release|Any CPU.Build.0 = Release|Any CPU
		{3593189B-D6F6-4CFC-A64F-05118BCFE7D9}.Debug|Any CPU.ActiveCfg = Debug|Any CPU
		{3593189B-D6F6-4CFC-A64F-05118BCFE7D9}.Debug|Any CPU.Build.0 = Debug|Any CPU
		{3593189B-D6F6-4CFC-A64F-05118BCFE7D9}.Release|Any CPU.ActiveCfg = Release|Any CPU
		{3593189B-D6F6-4CFC-A64F-05118BCFE7D9}.Release|Any CPU.Build.0 = Release|Any CPU
	EndGlobalSection
	GlobalSection(SolutionProperties) = preSolution
		HideSolutionNode = FALSE
	EndGlobalSection
	GlobalSection(NestedProjects) = preSolution
		{20AC9F33-A6DC-49AF-A80E-CA368AA34EFE} = {6C5EE687-E9F0-48A5-A8C7-3E18907C25DB}
		{E72A1B23-E198-4885-8E9B-C7A37FF51971} = {769D22D2-2D81-4F39-B49E-871C0D32410A}
		{4985D288-998C-4643-A18A-AB38E53470C2} = {0A8DC315-31C0-496D-9A9A-86AB1CF30231}
		{01913B2D-417B-434E-8C0E-9D81DCF44A5C} = {416077AA-E653-4AC2-A759-9FD2C19CE9F4}
		{3593189B-D6F6-4CFC-A64F-05118BCFE7D9} = {74287514-3E43-406B-9497-C62A108DEEAA}
	EndGlobalSection
	GlobalSection(ExtensibilityGlobals) = postSolution
		SolutionGuid = {9F98B8FB-AAB1-4A08-BE47-8291CF383084}
	EndGlobalSection
EndGlobal
